{
  "nodes": {
    "agenix": {
      "inputs": {
        "darwin": [
          "graphide"
        ],
        "home-manager": [
          "graphide"
        ],
        "nixpkgs": [
          "graphide",
          "nixpkgs"
        ],
        "systems": "systems"
      },
      "locked": {
        "lastModified": 1770165109,
        "narHash": "sha256-9VnK6Oqai65puVJ4WYtCTvlJeXxMzAp/69HhQuTdl/I=",
        "owner": "ryantm",
        "repo": "agenix",
        "rev": "b027ee29d959fda4b60b57566d64c98a202e0feb",
        "type": "github"
      },
      "original": {
        "owner": "ryantm",
        "repo": "agenix",
        "type": "github"
      }
    },
    "agenix_2": {
      "inputs": {
        "darwin": [
          "graphide-tools"
        ],
        "home-manager": [
          "graphide-tools"
        ],
        "nixpkgs": [
          "graphide-tools",
          "nixpkgs"
        ],
        "systems": "systems_3"
      },
      "locked": {
        "lastModified": 1770165109,
        "narHash": "sha256-9VnK6Oqai65puVJ4WYtCTvlJeXxMzAp/69HhQuTdl/I=",
        "owner": "ryantm",
        "repo": "agenix",
        "rev": "b027ee29d959fda4b60b57566d64c98a202e0feb",
        "type": "github"
      },
      "original": {
        "owner": "ryantm",
        "repo": "agenix",
        "type": "github"
      }
    },
    "base16-schemes": {
      "flake": false,
      "locked": {
        "lastModified": 1696158499,
        "narHash": "sha256-5yIHgDTPjoX/3oDEfLSQ0eJZdFL1SaCfb9d6M0RmOTM=",
        "owner": "tinted-theming",
        "repo": "base16-schemes",
        "rev": "a9112eaae86d9dd8ee6bb9445b664fba2f94037a",
        "type": "github"
      },
      "original": {
        "owner": "tinted-theming",
        "repo": "base16-schemes",
        "type": "github"
      }
    },
    "fcitx5-gruvbox": {
      "flake": false,
      "locked": {
        "lastModified": 1611409392,
        "narHash": "sha256-UZc6UTpodxP3pJ6q58FZsJaHr1Wwl/NLYYmo22QYmNk=",
        "owner": "ayamir",
        "repo": "fcitx5-gruvbox",
        "rev": "80bd3ab4c723fc6fcc4a222b6cede6f8337eedda",
        "type": "github"
      },
      "original": {
        "owner": "ayamir",
        "repo": "fcitx5-gruvbox",
        "type": "github"
      }
    },
    "firefox-css-hacks": {
      "flake": false,
      "locked": {
        "lastModified": 1788834132,
        "narHash": "sha256-WpALC4wue0W/4MxYd3v2lBaMq7SEe92Ypsxj9c1tlts=",
        "owner": "MrOtherGuy",
        "repo": "firefox-csshacks",
        "rev": "354e4a44e0309e895cca442c9932aa1d92d40cb4",
        "type": "github"
      },
      "original": {
        "owner": "MrOtherGuy",
        "repo": "firefox-csshacks",
        "type": "github"
      }
    },
    "flake-utils": {
      "inputs": {
        "systems": "systems_2"
      },
      "locked": {
        "lastModified": 1731533236,
        "narHash": "sha256-l0KFg5HjrsfsO/JpG+r7fRrqm12kzFHyUHqHCVpMMbI=",
        "owner": "numtide",
        "repo": "flake-utils",
        "rev": "11707dc2f618dd54ca8739b309ec4fc024de578b",
        "type": "github"
      },
      "original": {
        "owner": "numtide",
        "repo": "flake-utils",
        "type": "github"
      }
    },
    "flake-utils_2": {
      "inputs": {
        "systems": "systems_4"
      },
      "locked": {
        "lastModified": 1731533236,
        "narHash": "sha256-l0KFg5HjrsfsO/JpG+r7fRrqm12kzFHyUHqHCVpMMbI=",
        "owner": "numtide",
        "repo": "flake-utils",
        "rev": "11707dc2f618dd54ca8739b309ec4fc024de578b",
        "type": "github"
      },
      "original": {
        "owner": "numtide",
        "repo": "flake-utils",
        "type": "github"
      }
    },
    "graphide": {
      "inputs": {
        "agenix": "agenix",
        "flake-utils": "flake-utils",
        "nixpkgs": "nixpkgs",
        "sops-nix": "sops-nix",
        "vscode-src": "vscode-src"
      },
      "locked": {
        "lastModified": 1788915321,
        "narHash": "sha256-aPB+b1b6zZw/ktWK5a6t6DDep8iUSsGwKeKrjg9es0w=",
        "ref": "refs/heads/master",
        "rev": "fc027c9325075c79b8939679db102932528316ae",
        "revCount": 4411,
        "type": "git",
        "url": "ssh://git@github.com/graphideHQ/monolith"
      },
      "original": {
        "type": "git",
        "url": "ssh://git@github.com/graphideHQ/monolith"
      }
    },
    "graphide-tools": {
      "inputs": {
        "agenix": "agenix_2",
        "flake-utils": "flake-utils_2",
        "nixpkgs": "nixpkgs_2",
        "sops-nix": "sops-nix_2",
        "vscode-src": "vscode-src_2"
      },
      "locked": {
        "lastModified": 1790657546,
        "narHash": "sha256-0Sv05Nc+Eg1YX12No0b0jPyuJAt3VPPszgB5vFexaz0=",
        "ref": "refs/heads/master",
        "rev": "28a5e279b7130141e83e79cae81286175eb65648",
        "revCount": 11810,
        "type": "git",
        "url": "ssh://git@github.com/GraphideHQ/monolith"
      },
      "original": {
        "type": "git",
        "url": "ssh://git@github.com/GraphideHQ/monolith"
      }
    },
    "gruvbox-kvantum": {
      "flake": false,
      "locked": {
        "lastModified": 1727610972,
        "narHash": "sha256-o3EEpd8fsrKPNA6TmiK7KLxy6hld+MpSrtLAKPhtJOE=",
        "owner": "isouravgope",
        "repo": "Gruvbox-Kvantum",
        "rev": "29ba1f05affba26ef0e718de6ddb96c21ccd182e",
        "type": "github"
      },
      "original": {
        "owner": "isouravgope",
        "repo": "Gruvbox-Kvantum",
        "type": "github"
      }
    },
    "gruvbox-wallpapers": {
      "flake": false,
      "locked": {
        "lastModified": 1784553621,
        "narHash": "sha256-RpPMMbI/jxCxOlsf0d8SZyORR4qafod97kjE98FhId0=",
        "owner": "AngelJumbo",
        "repo": "gruvbox-wallpapers",
        "rev": "64a1f5fdbc4f7e0a7700405a80f6011dbe2e00f8",
        "type": "github"
      },
      "original": {
        "owner": "AngelJumbo",
        "repo": "gruvbox-wallpapers",
        "type": "github"
      }
    },
    "home-manager": {
      "inputs": {
        "nixpkgs": [
          "nixpkgs"
        ]
      },
      "locked": {
        "lastModified": 1788642154,
        "narHash": "sha256-sPpQFVaFTDqO/4vvCAhuAhqTgqN/ygu+9eJcs5eB0js=",
        "owner": "nix-community",
        "repo": "home-manager",
        "rev": "fd0956c99c41ae3c13a73a638f1f7e963aebc4ab",
        "type": "github"
      },
      "original": {
        "owner": "nix-community",
        "ref": "release-26.05",
        "repo": "home-manager",
        "type": "github"
      }
    },
    "nix-colors": {
      "inputs": {
        "base16-schemes": "base16-schemes",
        "nixpkgs-lib": "nixpkgs-lib"
      },
      "locked": {
        "lastModified": 1707825078,
        "narHash": "sha256-hTfge2J2W+42SZ7VHXkf4kjU+qzFqPeC9k66jAUBMHk=",
        "owner": "misterio77",
        "repo": "nix-colors",
        "rev": "b01f024090d2c4fc3152cd0cf12027a7b8453ba1",
        "type": "github"
      },
      "original": {
        "owner": "misterio77",
        "repo": "nix-colors",
        "type": "github"
      }
    },
    "nix-flatpak": {
      "locked": {
        "lastModified": 1783368811,
        "narHash": "sha256-0H8jDwR4Kegb3heaTrH1ftbgKfZVDT8JE+46uXxDy/Q=",
        "owner": "gmodena",
        "repo": "nix-flatpak",
        "rev": "20d42f0ee98c9fe9f85e8d1de474f1409ed10d05",
        "type": "github"
      },
      "original": {
        "owner": "gmodena",
        "repo": "nix-flatpak",
        "type": "github"
      }
    },
    "nixpkgs": {
      "locked": {
        "lastModified": 1782847189,
        "narHash": "sha256-twXPFqFsrrY5r28Zh7Homgcp2gUMBgQ6WDS98Q/3xFI=",
        "owner": "NixOS",
        "repo": "nixpkgs",
        "rev": "b6018f87da91d19d0ab4cf979885689b469cdd41",
        "type": "github"
      },
      "original": {
        "owner": "NixOS",
        "ref": "nixos-25.11",
        "repo": "nixpkgs",
        "type": "github"
      }
    },
    "nixpkgs-lib": {
      "locked": {
        "lastModified": 1697935651,
        "narHash": "sha256-qOfWjQ2JQSQL15KLh6D7xQhx0qgZlYZTYlcEiRuAMMw=",
        "owner": "nix-community",
        "repo": "nixpkgs.lib",
        "rev": "e1e11fdbb01113d85c7f41cada9d2847660e3902",
        "type": "github"
      },
      "original": {
        "owner": "nix-community",
        "repo": "nixpkgs.lib",
        "type": "github"
      }
    },
    "nixpkgs-master": {
      "locked": {
        "lastModified": 1790176849,
        "narHash": "sha256-tVSDSN83xgwREf1hwH8jOmtd+JqteUEZXP4O25dyBdU=",
        "owner": "nixos",
        "repo": "nixpkgs",
        "rev": "adf0d3b6dc6bdeb77e822497b7d11e7c5c6aeb5f",
        "type": "github"
      },
      "original": {
        "owner": "nixos",
        "ref": "master",
        "repo": "nixpkgs",
        "type": "github"
      }
    },
    "nixpkgs-unstable": {
      "locked": {
        "lastModified": 1789006805,
        "narHash": "sha256-xB8mKMOx1IA9vTDNLmJZ6n4wCMq/cuWBBOzGCRnqxrU=",
        "owner": "nixos",
        "repo": "nixpkgs",
        "rev": "8ce4ef6cb6f871616146b9fe26d2a5ae594e94fe",
        "type": "github"
      },
      "original": {
        "owner": "nixos",
        "ref": "nixos-unstable",
        "repo": "nixpkgs",
        "type": "github"
      }
    },
    "nixpkgs_2": {
      "locked": {
        "lastModified": 1782847189,
        "narHash": "sha256-twXPFqFsrrY5r28Zh7Homgcp2gUMBgQ6WDS98Q/3xFI=",
        "owner": "NixOS",
        "repo": "nixpkgs",
        "rev": "b6018f87da91d19d0ab4cf979885689b469cdd41",
        "type": "github"
      },
      "original": {
        "owner": "NixOS",
        "ref": "nixos-25.11",
        "repo": "nixpkgs",
        "type": "github"
      }
    },
    "nixpkgs_3": {
      "locked": {
        "lastModified": 1789009968,
        "narHash": "sha256-GB16oaxpsrnGNnGIE+0uYBqMRzB9X6FYDUvjvnJAYew=",
        "owner": "nixos",
        "repo": "nixpkgs",
        "rev": "d58a46e3bc02d91ebe04667f8397752a749c0024",
        "type": "github"
      },
      "original": {
        "owner": "nixos",
        "ref": "nixos-26.05",
        "repo": "nixpkgs",
        "type": "github"
      }
    },
    "root": {
      "inputs": {
        "fcitx5-gruvbox": "fcitx5-gruvbox",
        "firefox-css-hacks": "firefox-css-hacks",
        "graphide": "graphide",
        "graphide-tools": "graphide-tools",
        "gruvbox-kvantum": "gruvbox-kvantum",
        "gruvbox-wallpapers": "gruvbox-wallpapers",
        "home-manager": "home-manager",
        "nix-colors": "nix-colors",
        "nix-flatpak": "nix-flatpak",
        "nixpkgs": "nixpkgs_3",
        "nixpkgs-master": "nixpkgs-master",
        "nixpkgs-unstable": "nixpkgs-unstable",
        "waybar-pomodoro": "waybar-pomodoro"
      }
    },
    "sops-nix": {
      "inputs": {
        "nixpkgs": [
          "graphide",
          "nixpkgs"
        ]
      },
      "locked": {
        "lastModified": 1783174389,
        "narHash": "sha256-aCWC8ngycU7OdJrU2+Je3qf+1a2ykuBvpPhZT/9tXMc=",
        "owner": "Mic92",
        "repo": "sops-nix",
        "rev": "f1406619a3884cd5c47992a70b8b35c9c0fcb4c9",
        "type": "github"
      },
      "original": {
        "owner": "Mic92",
        "repo": "sops-nix",
        "type": "github"
      }
    },
    "sops-nix_2": {
      "inputs": {
        "nixpkgs": [
          "graphide-tools",
          "nixpkgs"
        ]
      },
      "locked": {
        "lastModified": 1783174389,
        "narHash": "sha256-aCWC8ngycU7OdJrU2+Je3qf+1a2ykuBvpPhZT/9tXMc=",
        "owner": "Mic92",
        "repo": "sops-nix",
        "rev": "f1406619a3884cd5c47992a70b8b35c9c0fcb4c9",
        "type": "github"
      },
      "original": {
        "owner": "Mic92",
        "repo": "sops-nix",
        "type": "github"
      }
    },
    "systems": {
      "locked": {
        "lastModified": 1681028828,
        "narHash": "sha256-Vy1rq5AaRuLzOxct8nz4T6wlgyUR7zLU309k9mBC768=",
        "owner": "nix-systems",
        "repo": "default",
        "rev": "da67096a3b9bf56a91d16901293e51ba5b49a27e",
        "type": "github"
      },
      "original": {
        "owner": "nix-systems",
        "repo": "default",
        "type": "github"
      }
    },
    "systems_2": {
      "locked": {
        "lastModified": 1681028828,
        "narHash": "sha256-Vy1rq5AaRuLzOxct8nz4T6wlgyUR7zLU309k9mBC768=",
        "owner": "nix-systems",
        "repo": "default",
        "rev": "da67096a3b9bf56a91d16901293e51ba5b49a27e",
        "type": "github"
      },
      "original": {
        "owner": "nix-systems",
        "repo": "default",
        "type": "github"
      }
    },
    "systems_3": {
      "locked": {
        "lastModified": 1681028828,
        "narHash": "sha256-Vy1rq5AaRuLzOxct8nz4T6wlgyUR7zLU309k9mBC768=",
        "owner": "nix-systems",
        "repo": "default",
        "rev": "da67096a3b9bf56a91d16901293e51ba5b49a27e",
        "type": "github"
      },
      "original": {
        "owner": "nix-systems",
        "repo": "default",
        "type": "github"
      }
    },
    "systems_4": {
      "locked": {
        "lastModified": 1681028828,
        "narHash": "sha256-Vy1rq5AaRuLzOxct8nz4T6wlgyUR7zLU309k9mBC768=",
        "owner": "nix-systems",
        "repo": "default",
        "rev": "da67096a3b9bf56a91d16901293e51ba5b49a27e",
        "type": "github"
      },
      "original": {
        "owner": "nix-systems",
        "repo": "default",
        "type": "github"
      }
    },
    "vscode-src": {
      "flake": false,
      "locked": {
        "lastModified": 1736985831,
        "narHash": "sha256-Uv04qs6wx/l3NgjgpddzvAGq0XjjS8qPmOrZ5bGnWEQ=",
        "owner": "microsoft",
        "repo": "vscode",
        "rev": "cd4ee3b1c348a13bafd8f9ad8060705f6d4b9cba",
        "type": "github"
      },
      "original": {
        "owner": "microsoft",
        "ref": "1.96.4",
        "repo": "vscode",
        "type": "github"
      }
    },
    "vscode-src_2": {
      "flake": false,
      "locked": {
        "lastModified": 1790307657,
        "narHash": "sha256-ik/S5+aczpBeJyo3RRRNYkFBP01e4Zi+8QqWtRnuYHU=",
        "owner": "microsoft",
        "repo": "vscode",
        "rev": "04c0d99f4fb0d8afe6ce4f0c58e31e183ac3e4b1",
        "type": "github"
      },
      "original": {
        "owner": "microsoft",
        "ref": "1.139.1",
        "repo": "vscode",
        "type": "github"
      }
    },
    "waybar-pomodoro": {
      "flake": false,
      "locked": {
        "lastModified": 1759166941,
        "narHash": "sha256-vB5WROn/GmaJyLNHnyfhTZItjQlJ+LMXMw8gOT1GM0s=",
        "owner": "Andeskjerf",
        "repo": "waybar-module-pomodoro",
        "rev": "3867b25ab691c4a697ee2ffca76d7cc9408675cc",
        "type": "github"
      },
      "original": {
        "owner": "Andeskjerf",
        "repo": "waybar-module-pomodoro",
        "type": "github"
      }
    }
  },
  "root": "root",
  "version": 7
}
